
Microsoft Visual Studio Solution File, Format Version 12.00
# Visual Studio 15
VisualStudioVersion = 15.0.27428.2011
MinimumVisualStudioVersion = 10.0.40219.1
Project("{FAE04EC0-301F-11D3-BF4B-00C04F79EFBC}") = "PlaylistsNET", "PlaylistsNET\PlaylistsNET.csproj", "{3C819A74-85EC-42CD-A3BB-FD134558F916}"
EndProject
Project("{FAE04EC0-301F-11D3-BF4B-00C04F79EFBC}") = "PlaylistsNET.Tests", "PlaylistsNET.Tests\PlaylistsNET.Tests.csproj", "{26636CE1-F3F9-4B7D-AF9B-CE623AB536E8}"
EndProject
Global
	GlobalSection(SolutionConfigurationPlatforms) = preSolution
		Debug|Any CPU = Debug|Any CPU
		Release|Any CPU = Release|Any CPU
	EndGlobalSection
	GlobalSection(ProjectConfigurationPlatforms) = postSolution
		{3C819A74-85EC-42CD-A3BB-FD134558F916}.Debug|Any CPU.ActiveCfg = Debug|Any CPU
		{3C819A74-85EC-42CD-A3BB-FD134558F916}.Debug|Any CPU.Build.0 = Debug|Any CPU
		{3C819A74-85EC-42CD-A3BB-FD134558F916}.Release|Any CPU.ActiveCfg = Release|Any CPU
		{3C819A74-85EC-42CD-A3BB-FD134558F916}.Release|Any CPU.Build.0 = Release|Any CPU
		{26636CE1-F3F9-4B7D-AF9B-CE623AB536E8}.Debug|Any CPU.ActiveCfg = Debug|Any CPU
		{26636CE1-F3F9-4B7D-AF9B-CE623AB536E8}.Debug|Any CPU.Build.0 = Debug|Any CPU
		{26636CE1-F3F9-4B7D-AF9B-CE623AB536E8}.Release|Any CPU.ActiveCfg = Release|Any CPU
		{26636CE1-F3F9-4B7D-AF9B-CE623AB536E8}.Release|Any CPU.Build.0 = Release|Any CPU
	EndGlobalSection
	GlobalSection(SolutionProperties) = preSolution
		HideSolutionNode = FALSE
	EndGlobalSection
	GlobalSection(ExtensibilityGlobals) = postSolution
		SolutionGuid = {90590325-3790-4626-9CC0-FB66B5C52815}
	EndGlobalSection
EndGlobal
